// !$*UTF8*$!
{
	archiveVersion = 1;
	classes = {
	};
	objectVersion = 46;
	objects = {

/* Begin PBXBuildFile section */
		171BF02E1F366F520048A222 /* Listing.swift in Sources */ = {isa = PBXBuildFile; fileRef = 171BF02D1F366F520048A222 /* Listing.swift */; };
		171BF0321F3AF42C0048A222 /* CoreLocation.framework in Frameworks */ = {isa = PBXBuildFile; fileRef = 171BF0311F3AF42C0048A222 /* CoreLocation.framework */; };
		172BEA3C20FA92BC0036D5A6 /* PulleyPassthroughScrollView.swift in Sources */ = {isa = PBXBuildFile; fileRef = 172BEA3720FA92BB0036D5A6 /* PulleyPassthroughScrollView.swift */; };
		172BEA3D20FA92BC0036D5A6 /* UIViewController+PulleyViewController.swift in Sources */ = {isa = PBXBuildFile; fileRef = 172BEA3820FA92BC0036D5A6 /* UIViewController+PulleyViewController.swift */; };
		172BEA3E20FA92BC0036D5A6 /* PulleyViewController.swift in Sources */ = {isa = PBXBuildFile; fileRef = 172BEA3920FA92BC0036D5A6 /* PulleyViewController.swift */; };
		172BEA3F20FA92BC0036D5A6 /* UIView+constrainToParent.swift in Sources */ = {isa = PBXBuildFile; fileRef = 172BEA3B20FA92BC0036D5A6 /* UIView+constrainToParent.swift */; };
		172BEA4220FA98FD0036D5A6 /* MapViewController.swift in Sources */ = {isa = PBXBuildFile; fileRef = 172BEA4120FA98FD0036D5A6 /* MapViewController.swift */; };
		172C1B621F67B923001826CE /* ActiveDetailViewController.swift in Sources */ = {isa = PBXBuildFile; fileRef = 172C1B611F67B923001826CE /* ActiveDetailViewController.swift */; };
		173E89B2210EE1D200F22482 /* FirebaseUser.swift in Sources */ = {isa = PBXBuildFile; fileRef = 173E89B1210EE1D200F22482 /* FirebaseUser.swift */; };
		174D37A1210D10A2008BC2AB /* RequestsCollectionViewCell.swift in Sources */ = {isa = PBXBuildFile; fileRef = 174D37A0210D10A2008BC2AB /* RequestsCollectionViewCell.swift */; };
		17587B1D1ED6CA0D00BEEE64 /* ProfileViewController.swift in Sources */ = {isa = PBXBuildFile; fileRef = 17587B1C1ED6CA0D00BEEE64 /* ProfileViewController.swift */; };
		175CFCF420FC1E5C00600970 /* ListingManager.swift in Sources */ = {isa = PBXBuildFile; fileRef = 175CFCF320FC1E5C00600970 /* ListingManager.swift */; };
		175F2E8B1F47183300931A9B /* Keys.swift in Sources */ = {isa = PBXBuildFile; fileRef = 175F2E8A1F47183300931A9B /* Keys.swift */; };
		175F2E8D1F4ECA5600931A9B /* RequestsTableViewController.swift in Sources */ = {isa = PBXBuildFile; fileRef = 175F2E8C1F4ECA5600931A9B /* RequestsTableViewController.swift */; };
		175F2E8F1F4ECAF200931A9B /* RequestTableViewCell.swift in Sources */ = {isa = PBXBuildFile; fileRef = 175F2E8E1F4ECAF200931A9B /* RequestTableViewCell.swift */; };
		176860371F28A126000D9AC8 /* ListingTableViewCell.swift in Sources */ = {isa = PBXBuildFile; fileRef = 176860361F28A126000D9AC8 /* ListingTableViewCell.swift */; };
		177B2E8B20FE26CE002CD443 /* MenuTableViewCell.swift in Sources */ = {isa = PBXBuildFile; fileRef = 177B2E8A20FE26CE002CD443 /* MenuTableViewCell.swift */; };
		177B2EBA21004EF8002CD443 /* MenuCollectionViewCell.swift in Sources */ = {isa = PBXBuildFile; fileRef = 177B2EB921004EF8002CD443 /* MenuCollectionViewCell.swift */; };
		177E6E881EC2E87C003F017E /* AppDelegate.swift in Sources */ = {isa = PBXBuildFile; fileRef = 177E6E871EC2E87C003F017E /* AppDelegate.swift */; };
		177E6E8A1EC2E87C003F017E /* LoginViewController.swift in Sources */ = {isa = PBXBuildFile; fileRef = 177E6E891EC2E87C003F017E /* LoginViewController.swift */; };
		177E6E8D1EC2E87C003F017E /* Main.storyboard in Resources */ = {isa = PBXBuildFile; fileRef = 177E6E8B1EC2E87C003F017E /* Main.storyboard */; };
		177E6E8F1EC2E87C003F017E /* Assets.xcassets in Resources */ = {isa = PBXBuildFile; fileRef = 177E6E8E1EC2E87C003F017E /* Assets.xcassets */; };
		177E6E921EC2E87C003F017E /* LaunchScreen.storyboard in Resources */ = {isa = PBXBuildFile; fileRef = 177E6E901EC2E87C003F017E /* LaunchScreen.storyboard */; };
		177E6E9A1EC2E9A7003F017E /* GoogleService-Info.plist in Resources */ = {isa = PBXBuildFile; fileRef = 177E6E991EC2E9A7003F017E /* GoogleService-Info.plist */; };
		178296541ECC3877008C64BA /* HomeViewController.swift in Sources */ = {isa = PBXBuildFile; fileRef = 178296531ECC3877008C64BA /* HomeViewController.swift */; };
		178296591ED17964008C64BA /* PostViewController.swift in Sources */ = {isa = PBXBuildFile; fileRef = 178296581ED17964008C64BA /* PostViewController.swift */; };
		1796A3C71F936A5C0047B323 /* MainAPIClient.swift in Sources */ = {isa = PBXBuildFile; fileRef = 1796A3C61F936A5B0047B323 /* MainAPIClient.swift */; };
		17B452992133A7BE00231B43 /* ReviewViewController.swift in Sources */ = {isa = PBXBuildFile; fileRef = 17B452982133A7BE00231B43 /* ReviewViewController.swift */; };
		17B4529B2133B82500231B43 /* String.swift in Sources */ = {isa = PBXBuildFile; fileRef = 17B4529A2133B82500231B43 /* String.swift */; };
		17B4529D214F056200231B43 /* ProfileTableViewCell.swift in Sources */ = {isa = PBXBuildFile; fileRef = 17B4529C214F056200231B43 /* ProfileTableViewCell.swift */; };
		17B4529F214F057E00231B43 /* ReviewTableViewCell.swift in Sources */ = {isa = PBXBuildFile; fileRef = 17B4529E214F057E00231B43 /* ReviewTableViewCell.swift */; };
		17C775B61F8C95F400826848 /* UIColor.swift in Sources */ = {isa = PBXBuildFile; fileRef = 17C775B21F8C80B000826848 /* UIColor.swift */; };
		17E437102101E26F00A67F37 /* MenuItem.swift in Sources */ = {isa = PBXBuildFile; fileRef = 17E4370F2101E26F00A67F37 /* MenuItem.swift */; };
		17E437122101E3BC00A67F37 /* MenuItemManager.swift in Sources */ = {isa = PBXBuildFile; fileRef = 17E437112101E3BC00A67F37 /* MenuItemManager.swift */; };
		17FEC1CB210C5A9C00423367 /* ListingDetailTableViewController.swift in Sources */ = {isa = PBXBuildFile; fileRef = 17FEC1CA210C5A9C00423367 /* ListingDetailTableViewController.swift */; };
		B87600B1132F9E1D080CC378 /* Pods_Go_.framework in Frameworks */ = {isa = PBXBuildFile; fileRef = 8E545964835185630097A811 /* Pods_Go_.framework */; };
/* End PBXBuildFile section */

/* Begin PBXFileReference section */
		02AC6BAFC46EA41978B8F2A9 /* Pods-Go!.release.xcconfig */ = {isa = PBXFileReference; includeInIndex = 1; lastKnownFileType = text.xcconfig; name = "Pods-Go!.release.xcconfig"; path = "Pods/Target Support Files/Pods-Go!/Pods-Go!.release.xcconfig"; sourceTree = "<group>"; };
		171BF02D1F366F520048A222 /* Listing.swift */ = {isa = PBXFileReference; fileEncoding = 4; lastKnownFileType = sourcecode.swift; path = Listing.swift; sourceTree = "<group>"; };
		171BF0311F3AF42C0048A222 /* CoreLocation.framework */ = {isa = PBXFileReference; lastKnownFileType = wrapper.framework; name = CoreLocation.framework; path = System/Library/Frameworks/CoreLocation.framework; sourceTree = SDKROOT; };
		172BEA3720FA92BB0036D5A6 /* PulleyPassthroughScrollView.swift */ = {isa = PBXFileReference; fileEncoding = 4; lastKnownFileType = sourcecode.swift; path = PulleyPassthroughScrollView.swift; sourceTree = "<group>"; };
		172BEA3820FA92BC0036D5A6 /* UIViewController+PulleyViewController.swift */ = {isa = PBXFileReference; fileEncoding = 4; lastKnownFileType = sourcecode.swift; path = "UIViewController+PulleyViewController.swift"; sourceTree = "<group>"; };
		172BEA3920FA92BC0036D5A6 /* PulleyViewController.swift */ = {isa = PBXFileReference; fileEncoding = 4; lastKnownFileType = sourcecode.swift; path = PulleyViewController.swift; sourceTree = "<group>"; };
		172BEA3A20FA92BC0036D5A6 /* Pulley.h */ = {isa = PBXFileReference; fileEncoding = 4; lastKnownFileType = sourcecode.c.h; path = Pulley.h; sourceTree = "<group>"; };
		172BEA3B20FA92BC0036D5A6 /* UIView+constrainToParent.swift */ = {isa = PBXFileReference; fileEncoding = 4; lastKnownFileType = sourcecode.swift; path = "UIView+constrainToParent.swift"; sourceTree = "<group>"; };
		172BEA4120FA98FD0036D5A6 /* MapViewController.swift */ = {isa = PBXFileReference; lastKnownFileType = sourcecode.swift; path = MapViewController.swift; sourceTree = "<group>"; };
		172C1B611F67B923001826CE /* ActiveDetailViewController.swift */ = {isa = PBXFileReference; fileEncoding = 4; lastKnownFileType = sourcecode.swift; path = ActiveDetailViewController.swift; sourceTree = "<group>"; };
		173E89B1210EE1D200F22482 /* FirebaseUser.swift */ = {isa = PBXFileReference; lastKnownFileType = sourcecode.swift; path = FirebaseUser.swift; sourceTree = "<group>"; };
		174D37A0210D10A2008BC2AB /* RequestsCollectionViewCell.swift */ = {isa = PBXFileReference; lastKnownFileType = sourcecode.swift; path = RequestsCollectionViewCell.swift; sourceTree = "<group>"; };
		17587B1C1ED6CA0D00BEEE64 /* ProfileViewController.swift */ = {isa = PBXFileReference; fileEncoding = 4; lastKnownFileType = sourcecode.swift; path = ProfileViewController.swift; sourceTree = "<group>"; };
		175CFCF320FC1E5C00600970 /* ListingManager.swift */ = {isa = PBXFileReference; lastKnownFileType = sourcecode.swift; path = ListingManager.swift; sourceTree = "<group>"; };
		175F2E8A1F47183300931A9B /* Keys.swift */ = {isa = PBXFileReference; fileEncoding = 4; lastKnownFileType = sourcecode.swift; path = Keys.swift; sourceTree = "<group>"; };
		175F2E8C1F4ECA5600931A9B /* RequestsTableViewController.swift */ = {isa = PBXFileReference; fileEncoding = 4; lastKnownFileType = sourcecode.swift; path = RequestsTableViewController.swift; sourceTree = "<group>"; };
		175F2E8E1F4ECAF200931A9B /* RequestTableViewCell.swift */ = {isa = PBXFileReference; fileEncoding = 4; lastKnownFileType = sourcecode.swift; path = RequestTableViewCell.swift; sourceTree = "<group>"; };
		176860361F28A126000D9AC8 /* ListingTableViewCell.swift */ = {isa = PBXFileReference; fileEncoding = 4; lastKnownFileType = sourcecode.swift; path = ListingTableViewCell.swift; sourceTree = "<group>"; };
		177B2E8A20FE26CE002CD443 /* MenuTableViewCell.swift */ = {isa = PBXFileReference; lastKnownFileType = sourcecode.swift; path = MenuTableViewCell.swift; sourceTree = "<group>"; };
		177B2EB921004EF8002CD443 /* MenuCollectionViewCell.swift */ = {isa = PBXFileReference; lastKnownFileType = sourcecode.swift; path = MenuCollectionViewCell.swift; sourceTree = "<group>"; };
		177E6E841EC2E87C003F017E /* Go!.app */ = {isa = PBXFileReference; explicitFileType = wrapper.application; includeInIndex = 0; path = "Go!.app"; sourceTree = BUILT_PRODUCTS_DIR; };
		177E6E871EC2E87C003F017E /* AppDelegate.swift */ = {isa = PBXFileReference; lastKnownFileType = sourcecode.swift; path = AppDelegate.swift; sourceTree = "<group>"; };
		177E6E891EC2E87C003F017E /* LoginViewController.swift */ = {isa = PBXFileReference; lastKnownFileType = sourcecode.swift; path = LoginViewController.swift; sourceTree = "<group>"; };
		177E6E8C1EC2E87C003F017E /* Base */ = {isa = PBXFileReference; lastKnownFileType = file.storyboard; name = Base; path = Base.lproj/Main.storyboard; sourceTree = "<group>"; };
		177E6E8E1EC2E87C003F017E /* Assets.xcassets */ = {isa = PBXFileReference; lastKnownFileType = folder.assetcatalog; path = Assets.xcassets; sourceTree = "<group>"; };
		177E6E911EC2E87C003F017E /* Base */ = {isa = PBXFileReference; lastKnownFileType = file.storyboard; name = Base; path = Base.lproj/LaunchScreen.storyboard; sourceTree = "<group>"; };
		177E6E931EC2E87C003F017E /* Info.plist */ = {isa = PBXFileReference; lastKnownFileType = text.plist.xml; path = Info.plist; sourceTree = "<group>"; };
		177E6E991EC2E9A7003F017E /* GoogleService-Info.plist */ = {isa = PBXFileReference; fileEncoding = 4; lastKnownFileType = text.plist.xml; path = "GoogleService-Info.plist"; sourceTree = "<group>"; };
		178296531ECC3877008C64BA /* HomeViewController.swift */ = {isa = PBXFileReference; fileEncoding = 4; lastKnownFileType = sourcecode.swift; path = HomeViewController.swift; sourceTree = "<group>"; };
		178296581ED17964008C64BA /* PostViewController.swift */ = {isa = PBXFileReference; fileEncoding = 4; lastKnownFileType = sourcecode.swift; path = PostViewController.swift; sourceTree = "<group>"; };
		1796A3C61F936A5B0047B323 /* MainAPIClient.swift */ = {isa = PBXFileReference; lastKnownFileType = sourcecode.swift; path = MainAPIClient.swift; sourceTree = "<group>"; };
		17B452982133A7BE00231B43 /* ReviewViewController.swift */ = {isa = PBXFileReference; lastKnownFileType = sourcecode.swift; path = ReviewViewController.swift; sourceTree = "<group>"; };
		17B4529A2133B82500231B43 /* String.swift */ = {isa = PBXFileReference; lastKnownFileType = sourcecode.swift; path = String.swift; sourceTree = "<group>"; };
		17B4529C214F056200231B43 /* ProfileTableViewCell.swift */ = {isa = PBXFileReference; lastKnownFileType = sourcecode.swift; path = ProfileTableViewCell.swift; sourceTree = "<group>"; };
		17B4529E214F057E00231B43 /* ReviewTableViewCell.swift */ = {isa = PBXFileReference; lastKnownFileType = sourcecode.swift; path = ReviewTableViewCell.swift; sourceTree = "<group>"; };
		17C775B21F8C80B000826848 /* UIColor.swift */ = {isa = PBXFileReference; lastKnownFileType = sourcecode.swift; path = UIColor.swift; sourceTree = "<group>"; };
		17E4370F2101E26F00A67F37 /* MenuItem.swift */ = {isa = PBXFileReference; lastKnownFileType = sourcecode.swift; path = MenuItem.swift; sourceTree = "<group>"; };
		17E437112101E3BC00A67F37 /* MenuItemManager.swift */ = {isa = PBXFileReference; lastKnownFileType = sourcecode.swift; path = MenuItemManager.swift; sourceTree = "<group>"; };
		17FEC1CA210C5A9C00423367 /* ListingDetailTableViewController.swift */ = {isa = PBXFileReference; lastKnownFileType = sourcecode.swift; path = ListingDetailTableViewController.swift; sourceTree = "<group>"; };
		8E545964835185630097A811 /* Pods_Go_.framework */ = {isa = PBXFileReference; explicitFileType = wrapper.framework; includeInIndex = 0; path = Pods_Go_.framework; sourceTree = BUILT_PRODUCTS_DIR; };
		9D910C2A56AE47EA01F4FA51 /* Pods-Go!.debug.xcconfig */ = {isa = PBXFileReference; includeInIndex = 1; lastKnownFileType = text.xcconfig; name = "Pods-Go!.debug.xcconfig"; path = "Pods/Target Support Files/Pods-Go!/Pods-Go!.debug.xcconfig"; sourceTree = "<group>"; };
/* End PBXFileReference section */

/* Begin PBXFrameworksBuildPhase section */
		177E6E811EC2E87C003F017E /* Frameworks */ = {
			isa = PBXFrameworksBuildPhase;
			buildActionMask = 2147483647;
			files = (
				171BF0321F3AF42C0048A222 /* CoreLocation.framework in Frameworks */,
				B87600B1132F9E1D080CC378 /* Pods_Go_.framework in Frameworks */,
			);
			runOnlyForDeploymentPostprocessing = 0;
		};
/* End PBXFrameworksBuildPhase section */

/* Begin PBXGroup section */
		171BF0301F366F930048A222 /* Models */ = {
			isa = PBXGroup;
			children = (
				175F2E8A1F47183300931A9B /* Keys.swift */,
				171BF02D1F366F520048A222 /* Listing.swift */,
				175CFCF320FC1E5C00600970 /* ListingManager.swift */,
				17E4370F2101E26F00A67F37 /* MenuItem.swift */,
				17E437112101E3BC00A67F37 /* MenuItemManager.swift */,
				173E89B1210EE1D200F22482 /* FirebaseUser.swift */,
			);
			name = Models;
			sourceTree = "<group>";
		};
		172B9CE31F7E3F5F00C3AA74 /* Third Party Libraries */ = {
			isa = PBXGroup;
			children = (
				172BEA4020FA92C90036D5A6 /* Pulley */,
			);
			name = "Third Party Libraries";
			sourceTree = "<group>";
		};
		172BEA4020FA92C90036D5A6 /* Pulley */ = {
			isa = PBXGroup;
			children = (
				172BEA3A20FA92BC0036D5A6 /* Pulley.h */,
				172BEA3720FA92BB0036D5A6 /* PulleyPassthroughScrollView.swift */,
				172BEA3920FA92BC0036D5A6 /* PulleyViewController.swift */,
				172BEA3B20FA92BC0036D5A6 /* UIView+constrainToParent.swift */,
				172BEA3820FA92BC0036D5A6 /* UIViewController+PulleyViewController.swift */,
			);
			name = Pulley;
			sourceTree = "<group>";
		};
		172C1B5A1F627279001826CE /* TableViewCells */ = {
			isa = PBXGroup;
			children = (
				17B452A0214F058A00231B43 /* Profile */,
				175F2E8E1F4ECAF200931A9B /* RequestTableViewCell.swift */,
				176860361F28A126000D9AC8 /* ListingTableViewCell.swift */,
				177B2E8A20FE26CE002CD443 /* MenuTableViewCell.swift */,
			);
			name = TableViewCells;
			sourceTree = "<group>";
		};
		172C1B5B1F627293001826CE /* ViewControllers */ = {
			isa = PBXGroup;
			children = (
				17B452982133A7BE00231B43 /* ReviewViewController.swift */,
				177E6E891EC2E87C003F017E /* LoginViewController.swift */,
				178296531ECC3877008C64BA /* HomeViewController.swift */,
				17587B1C1ED6CA0D00BEEE64 /* ProfileViewController.swift */,
				178296581ED17964008C64BA /* PostViewController.swift */,
				172BEA4120FA98FD0036D5A6 /* MapViewController.swift */,
			);
			name = ViewControllers;
			sourceTree = "<group>";
		};
		172C1B5C1F6272A7001826CE /* TableViewControllers */ = {
			isa = PBXGroup;
			children = (
				17FEC1CA210C5A9C00423367 /* ListingDetailTableViewController.swift */,
			);
			name = TableViewControllers;
			sourceTree = "<group>";
		};
		174D37A2210EA20F008BC2AB /* Depracated */ = {
			isa = PBXGroup;
			children = (
				172C1B611F67B923001826CE /* ActiveDetailViewController.swift */,
				175F2E8C1F4ECA5600931A9B /* RequestsTableViewController.swift */,
			);
			name = Depracated;
			sourceTree = "<group>";
		};
		176860381F28A131000D9AC8 /* Views */ = {
			isa = PBXGroup;
			children = (
				177B2E8E20FE283C002CD443 /* CollectionViewCells */,
				172C1B5A1F627279001826CE /* TableViewCells */,
			);
			name = Views;
			sourceTree = "<group>";
		};
		177B2E8E20FE283C002CD443 /* CollectionViewCells */ = {
			isa = PBXGroup;
			children = (
				177B2EB921004EF8002CD443 /* MenuCollectionViewCell.swift */,
				174D37A0210D10A2008BC2AB /* RequestsCollectionViewCell.swift */,
			);
			name = CollectionViewCells;
			sourceTree = "<group>";
		};
		177E6E7B1EC2E87C003F017E = {
			isa = PBXGroup;
			children = (
				177E6E861EC2E87C003F017E /* Go! */,
				177E6E851EC2E87C003F017E /* Products */,
				F026AF4D6D5DBDB8B58C2A20 /* Pods */,
				7AD843FE6BF91B562AD50EAA /* Frameworks */,
			);
			sourceTree = "<group>";
		};
		177E6E851EC2E87C003F017E /* Products */ = {
			isa = PBXGroup;
			children = (
				177E6E841EC2E87C003F017E /* Go!.app */,
			);
			name = Products;
			sourceTree = "<group>";
		};
		177E6E861EC2E87C003F017E /* Go! */ = {
			isa = PBXGroup;
			children = (
				177E6E871EC2E87C003F017E /* AppDelegate.swift */,
				1796A3C61F936A5B0047B323 /* MainAPIClient.swift */,
				178296561ED16691008C64BA /* Storyboards */,
				171BF0301F366F930048A222 /* Models */,
				176860381F28A131000D9AC8 /* Views */,
				174D37A2210EA20F008BC2AB /* Depracated */,
				178296551ED16662008C64BA /* Controllers */,
				172B9CE31F7E3F5F00C3AA74 /* Third Party Libraries */,
				17C775B01F8C807F00826848 /* Extensions */,
				177E6E8E1EC2E87C003F017E /* Assets.xcassets */,
				178296571ED166B5008C64BA /* Plists */,
			);
			path = "Go!";
			sourceTree = "<group>";
		};
		178296551ED16662008C64BA /* Controllers */ = {
			isa = PBXGroup;
			children = (
				172C1B5C1F6272A7001826CE /* TableViewControllers */,
				172C1B5B1F627293001826CE /* ViewControllers */,
			);
			name = Controllers;
			sourceTree = "<group>";
		};
		178296561ED16691008C64BA /* Storyboards */ = {
			isa = PBXGroup;
			children = (
				177E6E8B1EC2E87C003F017E /* Main.storyboard */,
				177E6E901EC2E87C003F017E /* LaunchScreen.storyboard */,
			);
			name = Storyboards;
			sourceTree = "<group>";
		};
		178296571ED166B5008C64BA /* Plists */ = {
			isa = PBXGroup;
			children = (
				177E6E931EC2E87C003F017E /* Info.plist */,
				177E6E991EC2E9A7003F017E /* GoogleService-Info.plist */,
			);
			name = Plists;
			sourceTree = "<group>";
		};
		17B452A0214F058A00231B43 /* Profile */ = {
			isa = PBXGroup;
			children = (
				17B4529C214F056200231B43 /* ProfileTableViewCell.swift */,
				17B4529E214F057E00231B43 /* ReviewTableViewCell.swift */,
			);
			name = Profile;
			sourceTree = "<group>";
		};
		17C775B01F8C807F00826848 /* Extensions */ = {
			isa = PBXGroup;
			children = (
				17C775B21F8C80B000826848 /* UIColor.swift */,
				17B4529A2133B82500231B43 /* String.swift */,
			);
			name = Extensions;
			sourceTree = "<group>";
		};
		7AD843FE6BF91B562AD50EAA /* Frameworks */ = {
			isa = PBXGroup;
			children = (
				171BF0311F3AF42C0048A222 /* CoreLocation.framework */,
				8E545964835185630097A811 /* Pods_Go_.framework */,
			);
			name = Frameworks;
			sourceTree = "<group>";
		};
		F026AF4D6D5DBDB8B58C2A20 /* Pods */ = {
			isa = PBXGroup;
			children = (
				9D910C2A56AE47EA01F4FA51 /* Pods-Go!.debug.xcconfig */,
				02AC6BAFC46EA41978B8F2A9 /* Pods-Go!.release.xcconfig */,
			);
			name = Pods;
			sourceTree = "<group>";
		};
/* End PBXGroup section */

/* Begin PBXNativeTarget section */
		177E6E831EC2E87C003F017E /* Go! */ = {
			isa = PBXNativeTarget;
			buildConfigurationList = 177E6E961EC2E87C003F017E /* Build configuration list for PBXNativeTarget "Go!" */;
			buildPhases = (
				CEB6E56052A21E0C1AE216F0 /* [CP] Check Pods Manifest.lock */,
				177E6E801EC2E87C003F017E /* Sources */,
				177E6E811EC2E87C003F017E /* Frameworks */,
				177E6E821EC2E87C003F017E /* Resources */,
				F78CBB586CFFEBC2EA05EF09 /* [CP] Embed Pods Frameworks */,
			);
			buildRules = (
			);
			dependencies = (
			);
			name = "Go!";
			productName = "Go!";
			productReference = 177E6E841EC2E87C003F017E /* Go!.app */;
			productType = "com.apple.product-type.application";
		};
/* End PBXNativeTarget section */

/* Begin PBXProject section */
		177E6E7C1EC2E87C003F017E /* Project object */ = {
			isa = PBXProject;
			attributes = {
				LastSwiftUpdateCheck = 0830;
				LastUpgradeCheck = 1010;
				ORGANIZATIONNAME = "Go!";
				TargetAttributes = {
					177E6E831EC2E87C003F017E = {
						CreatedOnToolsVersion = 8.3.2;
						DevelopmentTeam = 7SS38J7FYZ;
						LastSwiftMigration = 1000;
						ProvisioningStyle = Automatic;
						SystemCapabilities = {
							com.apple.Keychain = {
								enabled = 0;
							};
						};
					};
				};
			};
			buildConfigurationList = 177E6E7F1EC2E87C003F017E /* Build configuration list for PBXProject "Go!" */;
			compatibilityVersion = "Xcode 3.2";
			developmentRegion = English;
			hasScannedForEncodings = 0;
			knownRegions = (
				en,
				Base,
			);
			mainGroup = 177E6E7B1EC2E87C003F017E;
			productRefGroup = 177E6E851EC2E87C003F017E /* Products */;
			projectDirPath = "";
			projectRoot = "";
			targets = (
				177E6E831EC2E87C003F017E /* Go! */,
			);
		};
/* End PBXProject section */

/* Begin PBXResourcesBuildPhase section */
		177E6E821EC2E87C003F017E /* Resources */ = {
			isa = PBXResourcesBuildPhase;
			buildActionMask = 2147483647;
			files = (
				177E6E921EC2E87C003F017E /* LaunchScreen.storyboard in Resources */,
				177E6E9A1EC2E9A7003F017E /* GoogleService-Info.plist in Resources */,
				177E6E8F1EC2E87C003F017E /* Assets.xcassets in Resources */,
				177E6E8D1EC2E87C003F017E /* Main.storyboard in Resources */,
			);
			runOnlyForDeploymentPostprocessing = 0;
		};
/* End PBXResourcesBuildPhase section */

/* Begin PBXShellScriptBuildPhase section */
		CEB6E56052A21E0C1AE216F0 /* [CP] Check Pods Manifest.lock */ = {
			isa = PBXShellScriptBuildPhase;
			buildActionMask = 2147483647;
			files = (
			);
			inputPaths = (
				"${PODS_PODFILE_DIR_PATH}/Podfile.lock",
				"${PODS_ROOT}/Manifest.lock",
			);
			name = "[CP] Check Pods Manifest.lock";
			outputPaths = (
				"$(DERIVED_FILE_DIR)/Pods-Go!-checkManifestLockResult.txt",
			);
			runOnlyForDeploymentPostprocessing = 0;
			shellPath = /bin/sh;
			shellScript = "diff \"${PODS_PODFILE_DIR_PATH}/Podfile.lock\" \"${PODS_ROOT}/Manifest.lock\" > /dev/null\nif [ $? != 0 ] ; then\n    # print error to STDERR\n    echo \"error: The sandbox is not in sync with the Podfile.lock. Run 'pod install' or update your CocoaPods installation.\" >&2\n    exit 1\nfi\n# This output is used by Xcode 'outputs' to avoid re-running this script phase.\necho \"SUCCESS\" > \"${SCRIPT_OUTPUT_FILE_0}\"\n";
			showEnvVarsInLog = 0;
		};
		F78CBB586CFFEBC2EA05EF09 /* [CP] Embed Pods Frameworks */ = {
			isa = PBXShellScriptBuildPhase;
			buildActionMask = 2147483647;
			files = (
			);
			inputPaths = (
				"${PODS_ROOT}/Target Support Files/Pods-Go!/Pods-Go!-frameworks.sh",
				"${BUILT_PRODUCTS_DIR}/Alamofire/Alamofire.framework",
				"${BUILT_PRODUCTS_DIR}/Bolts/Bolts.framework",
				"${BUILT_PRODUCTS_DIR}/FBSDKCoreKit/FBSDKCoreKit.framework",
				"${BUILT_PRODUCTS_DIR}/FBSDKLoginKit/FBSDKLoginKit.framework",
				"${BUILT_PRODUCTS_DIR}/FBSDKShareKit/FBSDKShareKit.framework",
				"${BUILT_PRODUCTS_DIR}/GTMSessionFetcher/GTMSessionFetcher.framework",
				"${BUILT_PRODUCTS_DIR}/GoogleUtilities/GoogleUtilities.framework",
				"${BUILT_PRODUCTS_DIR}/Stripe/Stripe.framework",
				"${BUILT_PRODUCTS_DIR}/leveldb-library/leveldb.framework",
				"${BUILT_PRODUCTS_DIR}/nanopb/nanopb.framework",
			);
			name = "[CP] Embed Pods Frameworks";
			outputPaths = (
				"${TARGET_BUILD_DIR}/${FRAMEWORKS_FOLDER_PATH}/Alamofire.framework",
				"${TARGET_BUILD_DIR}/${FRAMEWORKS_FOLDER_PATH}/Bolts.framework",
				"${TARGET_BUILD_DIR}/${FRAMEWORKS_FOLDER_PATH}/FBSDKCoreKit.framework",
				"${TARGET_BUILD_DIR}/${FRAMEWORKS_FOLDER_PATH}/FBSDKLoginKit.framework",
				"${TARGET_BUILD_DIR}/${FRAMEWORKS_FOLDER_PATH}/FBSDKShareKit.framework",
				"${TARGET_BUILD_DIR}/${FRAMEWORKS_FOLDER_PATH}/GTMSessionFetcher.framework",
				"${TARGET_BUILD_DIR}/${FRAMEWORKS_FOLDER_PATH}/GoogleUtilities.framework",
				"${TARGET_BUILD_DIR}/${FRAMEWORKS_FOLDER_PATH}/Stripe.framework",
				"${TARGET_BUILD_DIR}/${FRAMEWORKS_FOLDER_PATH}/leveldb.framework",
				"${TARGET_BUILD_DIR}/${FRAMEWORKS_FOLDER_PATH}/nanopb.framework",
			);
			runOnlyForDeploymentPostprocessing = 0;
			shellPath = /bin/sh;
			shellScript = "\"${PODS_ROOT}/Target Support Files/Pods-Go!/Pods-Go!-frameworks.sh\"\n";
			showEnvVarsInLog = 0;
		};
/* End PBXShellScriptBuildPhase section */

/* Begin PBXSourcesBuildPhase section */
		177E6E801EC2E87C003F017E /* Sources */ = {
			isa = PBXSourcesBuildPhase;
			buildActionMask = 2147483647;
			files = (
				178296591ED17964008C64BA /* PostViewController.swift in Sources */,
				1796A3C71F936A5C0047B323 /* MainAPIClient.swift in Sources */,
				17FEC1CB210C5A9C00423367 /* ListingDetailTableViewController.swift in Sources */,
				172BEA3C20FA92BC0036D5A6 /* PulleyPassthroughScrollView.swift in Sources */,
				171BF02E1F366F520048A222 /* Listing.swift in Sources */,
				177E6E8A1EC2E87C003F017E /* LoginViewController.swift in Sources */,
				175F2E8B1F47183300931A9B /* Keys.swift in Sources */,
				17B4529F214F057E00231B43 /* ReviewTableViewCell.swift in Sources */,
				172BEA3D20FA92BC0036D5A6 /* UIViewController+PulleyViewController.swift in Sources */,
				172BEA4220FA98FD0036D5A6 /* MapViewController.swift in Sources */,
				173E89B2210EE1D200F22482 /* FirebaseUser.swift in Sources */,
				177B2E8B20FE26CE002CD443 /* MenuTableViewCell.swift in Sources */,
				17C775B61F8C95F400826848 /* UIColor.swift in Sources */,
				17587B1D1ED6CA0D00BEEE64 /* ProfileViewController.swift in Sources */,
				177E6E881EC2E87C003F017E /* AppDelegate.swift in Sources */,
				178296541ECC3877008C64BA /* HomeViewController.swift in Sources */,
				174D37A1210D10A2008BC2AB /* RequestsCollectionViewCell.swift in Sources */,
				172BEA3E20FA92BC0036D5A6 /* PulleyViewController.swift in Sources */,
				17E437122101E3BC00A67F37 /* MenuItemManager.swift in Sources */,
				17B4529B2133B82500231B43 /* String.swift in Sources */,
				172C1B621F67B923001826CE /* ActiveDetailViewController.swift in Sources */,
				175F2E8D1F4ECA5600931A9B /* RequestsTableViewController.swift in Sources */,
				172BEA3F20FA92BC0036D5A6 /* UIView+constrainToParent.swift in Sources */,
				17B4529D214F056200231B43 /* ProfileTableViewCell.swift in Sources */,
				17E437102101E26F00A67F37 /* MenuItem.swift in Sources */,
				175F2E8F1F4ECAF200931A9B /* RequestTableViewCell.swift in Sources */,
				175CFCF420FC1E5C00600970 /* ListingManager.swift in Sources */,
				176860371F28A126000D9AC8 /* ListingTableViewCell.swift in Sources */,
				177B2EBA21004EF8002CD443 /* MenuCollectionViewCell.swift in Sources */,
				17B452992133A7BE00231B43 /* ReviewViewController.swift in Sources */,
			);
			runOnlyForDeploymentPostprocessing = 0;
		};
/* End PBXSourcesBuildPhase section */

/* Begin PBXVariantGroup section */
		177E6E8B1EC2E87C003F017E /* Main.storyboard */ = {
			isa = PBXVariantGroup;
			children = (
				177E6E8C1EC2E87C003F017E /* Base */,
			);
			name = Main.storyboard;
			sourceTree = "<group>";
		};
		177E6E901EC2E87C003F017E /* LaunchScreen.storyboard */ = {
			isa = PBXVariantGroup;
			children = (
				177E6E911EC2E87C003F017E /* Base */,
			);
			name = LaunchScreen.storyboard;
			sourceTree = "<group>";
		};
/* End PBXVariantGroup section */

/* Begin XCBuildConfiguration section */
		177E6E941EC2E87C003F017E /* Debug */ = {
			isa = XCBuildConfiguration;
			buildSettings = {
				ALWAYS_SEARCH_USER_PATHS = NO;
				CLANG_ANALYZER_NONNULL = YES;
				CLANG_ANALYZER_NUMBER_OBJECT_CONVERSION = YES_AGGRESSIVE;
				CLANG_CXX_LANGUAGE_STANDARD = "gnu++0x";
				CLANG_CXX_LIBRARY = "libc++";
				CLANG_ENABLE_MODULES = YES;
				CLANG_ENABLE_OBJC_ARC = YES;
				CLANG_WARN_BLOCK_CAPTURE_AUTORELEASING = YES;
				CLANG_WARN_BOOL_CONVERSION = YES;
				CLANG_WARN_COMMA = YES;
				CLANG_WARN_CONSTANT_CONVERSION = YES;
				CLANG_WARN_DEPRECATED_OBJC_IMPLEMENTATIONS = YES;
				CLANG_WARN_DIRECT_OBJC_ISA_USAGE = YES_ERROR;
				CLANG_WARN_DOCUMENTATION_COMMENTS = YES;
				CLANG_WARN_EMPTY_BODY = YES;
				CLANG_WARN_ENUM_CONVERSION = YES;
				CLANG_WARN_INFINITE_RECURSION = YES;
				CLANG_WARN_INT_CONVERSION = YES;
				CLANG_WARN_NON_LITERAL_NULL_CONVERSION = YES;
				CLANG_WARN_OBJC_IMPLICIT_RETAIN_SELF = YES;
				CLANG_WARN_OBJC_LITERAL_CONVERSION = YES;
				CLANG_WARN_OBJC_ROOT_CLASS = YES_ERROR;
				CLANG_WARN_RANGE_LOOP_ANALYSIS = YES;
				CLANG_WARN_STRICT_PROTOTYPES = YES;
				CLANG_WARN_SUSPICIOUS_MOVE = YES;
				CLANG_WARN_UNREACHABLE_CODE = YES;
				CLANG_WARN__DUPLICATE_METHOD_MATCH = YES;
				"CODE_SIGN_IDENTITY[sdk=iphoneos*]" = "iPhone Developer";
				COPY_PHASE_STRIP = NO;
				DEBUG_INFORMATION_FORMAT = dwarf;
				ENABLE_STRICT_OBJC_MSGSEND = YES;
				ENABLE_TESTABILITY = YES;
				GCC_C_LANGUAGE_STANDARD = gnu99;
				GCC_DYNAMIC_NO_PIC = NO;
				GCC_NO_COMMON_BLOCKS = YES;
				GCC_OPTIMIZATION_LEVEL = 0;
				GCC_PREPROCESSOR_DEFINITIONS = (
					"DEBUG=1",
					"$(inherited)",
				);
				GCC_WARN_64_TO_32_BIT_CONVERSION = YES;
				GCC_WARN_ABOUT_RETURN_TYPE = YES_ERROR;
				GCC_WARN_UNDECLARED_SELECTOR = YES;
				GCC_WARN_UNINITIALIZED_AUTOS = YES_AGGRESSIVE;
				GCC_WARN_UNUSED_FUNCTION = YES;
				GCC_WARN_UNUSED_VARIABLE = YES;
				IPHONEOS_DEPLOYMENT_TARGET = 10.3;
				MTL_ENABLE_DEBUG_INFO = YES;
				ONLY_ACTIVE_ARCH = YES;
				SDKROOT = iphoneos;
				SWIFT_ACTIVE_COMPILATION_CONDITIONS = DEBUG;
				SWIFT_OPTIMIZATION_LEVEL = "-Onone";
			};
			name = Debug;
		};
		177E6E951EC2E87C003F017E /* Release */ = {
			isa = XCBuildConfiguration;
			buildSettings = {
				ALWAYS_SEARCH_USER_PATHS = NO;
				CLANG_ANALYZER_NONNULL = YES;
				CLANG_ANALYZER_NUMBER_OBJECT_CONVERSION = YES_AGGRESSIVE;
				CLANG_CXX_LANGUAGE_STANDARD = "gnu++0x";
				CLANG_CXX_LIBRARY = "libc++";
				CLANG_ENABLE_MODULES = YES;
				CLANG_ENABLE_OBJC_ARC = YES;
				CLANG_WARN_BLOCK_CAPTURE_AUTORELEASING = YES;
				CLANG_WARN_BOOL_CONVERSION = YES;
				CLANG_WARN_COMMA = YES;
				CLANG_WARN_CONSTANT_CONVERSION = YES;
				CLANG_WARN_DEPRECATED_OBJC_IMPLEMENTATIONS = YES;
				CLANG_WARN_DIRECT_OBJC_ISA_USAGE = YES_ERROR;
				CLANG_WARN_DOCUMENTATION_COMMENTS = YES;
				CLANG_WARN_EMPTY_BODY = YES;
				CLANG_WARN_ENUM_CONVERSION = YES;
				CLANG_WARN_INFINITE_RECURSION = YES;
				CLANG_WARN_INT_CONVERSION = YES;
				CLANG_WARN_NON_LITERAL_NULL_CONVERSION = YES;
				CLANG_WARN_OBJC_IMPLICIT_RETAIN_SELF = YES;
				CLANG_WARN_OBJC_LITERAL_CONVERSION = YES;
				CLANG_WARN_OBJC_ROOT_CLASS = YES_ERROR;
				CLANG_WARN_RANGE_LOOP_ANALYSIS = YES;
				CLANG_WARN_STRICT_PROTOTYPES = YES;
				CLANG_WARN_SUSPICIOUS_MOVE = YES;
				CLANG_WARN_UNREACHABLE_CODE = YES;
				CLANG_WARN__DUPLICATE_METHOD_MATCH = YES;
				"CODE_SIGN_IDENTITY[sdk=iphoneos*]" = "iPhone Developer";
				COPY_PHASE_STRIP = NO;
				DEBUG_INFORMATION_FORMAT = "dwarf-with-dsym";
				ENABLE_NS_ASSERTIONS = NO;
				ENABLE_STRICT_OBJC_MSGSEND = YES;
				GCC_C_LANGUAGE_STANDARD = gnu99;
				GCC_NO_COMMON_BLOCKS = YES;
				GCC_WARN_64_TO_32_BIT_CONVERSION = YES;
				GCC_WARN_ABOUT_RETURN_TYPE = YES_ERROR;
				GCC_WARN_UNDECLARED_SELECTOR = YES;
				GCC_WARN_UNINITIALIZED_AUTOS = YES_AGGRESSIVE;
				GCC_WARN_UNUSED_FUNCTION = YES;
				GCC_WARN_UNUSED_VARIABLE = YES;
				IPHONEOS_DEPLOYMENT_TARGET = 10.3;
				MTL_ENABLE_DEBUG_INFO = NO;
				SDKROOT = iphoneos;
				SWIFT_OPTIMIZATION_LEVEL = "-Owholemodule";
				VALIDATE_PRODUCT = YES;
			};
			name = Release;
		};
		177E6E971EC2E87C003F017E /* Debug */ = {
			isa = XCBuildConfiguration;
			baseConfigurationReference = 9D910C2A56AE47EA01F4FA51 /* Pods-Go!.debug.xcconfig */;
			buildSettings = {
				ASSETCATALOG_COMPILER_APPICON_NAME = AppIcon;
				DEVELOPMENT_TEAM = 7SS38J7FYZ;
				INFOPLIST_FILE = "Go!/Info.plist";
				IPHONEOS_DEPLOYMENT_TARGET = 11.0;
				LD_RUNPATH_SEARCH_PATHS = "$(inherited) @executable_path/Frameworks";
				PRODUCT_BUNDLE_IDENTIFIER = "com.GoApp.Go-";
				PRODUCT_NAME = "$(TARGET_NAME)";
				SWIFT_VERSION = 4.2;
			};
			name = Debug;
		};
		177E6E981EC2E87C003F017E /* Release */ = {
			isa = XCBuildConfiguration;
			baseConfigurationReference = 02AC6BAFC46EA41978B8F2A9 /* Pods-Go!.release.xcconfig */;
			buildSettings = {
				ASSETCATALOG_COMPILER_APPICON_NAME = AppIcon;
				DEVELOPMENT_TEAM = 7SS38J7FYZ;
				INFOPLIST_FILE = "Go!/Info.plist";
				IPHONEOS_DEPLOYMENT_TARGET = 11.0;
				LD_RUNPATH_SEARCH_PATHS = "$(inherited) @executable_path/Frameworks";
				PRODUCT_BUNDLE_IDENTIFIER = "com.GoApp.Go-";
				PRODUCT_NAME = "$(TARGET_NAME)";
				SWIFT_VERSION = 4.2;
			};
			name = Release;
		};
/* End XCBuildConfiguration section */

/* Begin XCConfigurationList section */
		177E6E7F1EC2E87C003F017E /* Build configuration list for PBXProject "Go!" */ = {
			isa = XCConfigurationList;
			buildConfigurations = (
				177E6E941EC2E87C003F017E /* Debug */,
				177E6E951EC2E87C003F017E /* Release */,
			);
			defaultConfigurationIsVisible = 0;
			defaultConfigurationName = Release;
		};
		177E6E961EC2E87C003F017E /* Build configuration list for PBXNativeTarget "Go!" */ = {
			isa = XCConfigurationList;
			buildConfigurations = (
				177E6E971EC2E87C003F017E /* Debug */,
				177E6E981EC2E87C003F017E /* Release */,
			);
			defaultConfigurationIsVisible = 0;
			defaultConfigurationName = Release;
		};
/* End XCConfigurationList section */
	};
	rootObject = 177E6E7C1EC2E87C003F017E /* Project object */;
}
