// !$*UTF8*$!
{
	archiveVersion = 1;
	classes = {
	};
	objectVersion = 46;
	objects = {

/* Begin PBXBuildFile section */
		171BF02E1F366F520048A222 /* Listing.swift in Sources */ = {isa = PBXBuildFile; fileRef = 171BF02D1F366F520048A222 /* Listing.swift */; };
		171BF0321F3AF42C0048A222 /* CoreLocation.framework in Frameworks */ = {isa = PBXBuildFile; fileRef = 171BF0311F3AF42C0048A222 /* CoreLocation.framework */; };
		172C1B541F62548A001826CE /* ActiveTableViewController.swift in Sources */ = {isa = PBXBuildFile; fileRef = 172C1B531F62548A001826CE /* ActiveTableViewController.swift */; };
		172C1B561F625532001826CE /* ActiveTableViewCell.swift in Sources */ = {isa = PBXBuildFile; fileRef = 172C1B551F625532001826CE /* ActiveTableViewCell.swift */; };
		172C1B621F67B923001826CE /* ActiveDetailViewController.swift in Sources */ = {isa = PBXBuildFile; fileRef = 172C1B611F67B923001826CE /* ActiveDetailViewController.swift */; };
		17587B1D1ED6CA0D00BEEE64 /* ProfileViewController.swift in Sources */ = {isa = PBXBuildFile; fileRef = 17587B1C1ED6CA0D00BEEE64 /* ProfileViewController.swift */; };
		175F2E8B1F47183300931A9B /* Keys.swift in Sources */ = {isa = PBXBuildFile; fileRef = 175F2E8A1F47183300931A9B /* Keys.swift */; };
		175F2E8D1F4ECA5600931A9B /* RequestsTableViewController.swift in Sources */ = {isa = PBXBuildFile; fileRef = 175F2E8C1F4ECA5600931A9B /* RequestsTableViewController.swift */; };
		175F2E8F1F4ECAF200931A9B /* RequestTableViewCell.swift in Sources */ = {isa = PBXBuildFile; fileRef = 175F2E8E1F4ECAF200931A9B /* RequestTableViewCell.swift */; };
		17662EDB1F73ABE50005CCEF /* SlideMenuController.swift in Sources */ = {isa = PBXBuildFile; fileRef = 17662EDA1F73ABE50005CCEF /* SlideMenuController.swift */; };
		17662EE61F74ECE30005CCEF /* MenuTableViewController.swift in Sources */ = {isa = PBXBuildFile; fileRef = 17662EE51F74ECE30005CCEF /* MenuTableViewController.swift */; };
		176860371F28A126000D9AC8 /* PostTableViewCell.swift in Sources */ = {isa = PBXBuildFile; fileRef = 176860361F28A126000D9AC8 /* PostTableViewCell.swift */; };
		177E6E881EC2E87C003F017E /* AppDelegate.swift in Sources */ = {isa = PBXBuildFile; fileRef = 177E6E871EC2E87C003F017E /* AppDelegate.swift */; };
		177E6E8A1EC2E87C003F017E /* LoginViewController.swift in Sources */ = {isa = PBXBuildFile; fileRef = 177E6E891EC2E87C003F017E /* LoginViewController.swift */; };
		177E6E8D1EC2E87C003F017E /* Main.storyboard in Resources */ = {isa = PBXBuildFile; fileRef = 177E6E8B1EC2E87C003F017E /* Main.storyboard */; };
		177E6E8F1EC2E87C003F017E /* Assets.xcassets in Resources */ = {isa = PBXBuildFile; fileRef = 177E6E8E1EC2E87C003F017E /* Assets.xcassets */; };
		177E6E921EC2E87C003F017E /* LaunchScreen.storyboard in Resources */ = {isa = PBXBuildFile; fileRef = 177E6E901EC2E87C003F017E /* LaunchScreen.storyboard */; };
		177E6E9A1EC2E9A7003F017E /* GoogleService-Info.plist in Resources */ = {isa = PBXBuildFile; fileRef = 177E6E991EC2E9A7003F017E /* GoogleService-Info.plist */; };
		178296541ECC3877008C64BA /* HomeViewController.swift in Sources */ = {isa = PBXBuildFile; fileRef = 178296531ECC3877008C64BA /* HomeViewController.swift */; };
		178296591ED17964008C64BA /* PostViewController.swift in Sources */ = {isa = PBXBuildFile; fileRef = 178296581ED17964008C64BA /* PostViewController.swift */; };
		17979F211F733D7C00F82596 /* MyPostsViewController.swift in Sources */ = {isa = PBXBuildFile; fileRef = 17979F201F733D7C00F82596 /* MyPostsViewController.swift */; };
		17979F241F736ED100F82596 /* CardItemViewController.swift in Sources */ = {isa = PBXBuildFile; fileRef = 17979F231F736ED100F82596 /* CardItemViewController.swift */; };
		17979F261F736EF200F82596 /* CardItemViewController.xib in Resources */ = {isa = PBXBuildFile; fileRef = 17979F251F736EF200F82596 /* CardItemViewController.xib */; };
		17979F281F736F0D00F82596 /* PageControl.swift in Sources */ = {isa = PBXBuildFile; fileRef = 17979F271F736F0D00F82596 /* PageControl.swift */; };
		17C775A91F8C7D9C00826848 /* NotificationsViewController.swift in Sources */ = {isa = PBXBuildFile; fileRef = 17C775A81F8C7D9C00826848 /* NotificationsViewController.swift */; };
		17C775AB1F8C7DB600826848 /* SettingsViewController.swift in Sources */ = {isa = PBXBuildFile; fileRef = 17C775AA1F8C7DB600826848 /* SettingsViewController.swift */; };
		17C775AD1F8C7DC600826848 /* HistoryViewController.swift in Sources */ = {isa = PBXBuildFile; fileRef = 17C775AC1F8C7DC600826848 /* HistoryViewController.swift */; };
		17C775AF1F8C7DD700826848 /* PaymentsViewController.swift in Sources */ = {isa = PBXBuildFile; fileRef = 17C775AE1F8C7DD700826848 /* PaymentsViewController.swift */; };
		17C775B61F8C95F400826848 /* UIColor.swift in Sources */ = {isa = PBXBuildFile; fileRef = 17C775B21F8C80B000826848 /* UIColor.swift */; };
		B87600B1132F9E1D080CC378 /* Pods_Go_.framework in Frameworks */ = {isa = PBXBuildFile; fileRef = 8E545964835185630097A811 /* Pods_Go_.framework */; };
/* End PBXBuildFile section */

/* Begin PBXFileReference section */
		02AC6BAFC46EA41978B8F2A9 /* Pods-Go!.release.xcconfig */ = {isa = PBXFileReference; includeInIndex = 1; lastKnownFileType = text.xcconfig; name = "Pods-Go!.release.xcconfig"; path = "Pods/Target Support Files/Pods-Go!/Pods-Go!.release.xcconfig"; sourceTree = "<group>"; };
		171BF02D1F366F520048A222 /* Listing.swift */ = {isa = PBXFileReference; fileEncoding = 4; lastKnownFileType = sourcecode.swift; path = Listing.swift; sourceTree = "<group>"; };
		171BF0311F3AF42C0048A222 /* CoreLocation.framework */ = {isa = PBXFileReference; lastKnownFileType = wrapper.framework; name = CoreLocation.framework; path = System/Library/Frameworks/CoreLocation.framework; sourceTree = SDKROOT; };
		172C1B531F62548A001826CE /* ActiveTableViewController.swift */ = {isa = PBXFileReference; fileEncoding = 4; lastKnownFileType = sourcecode.swift; path = ActiveTableViewController.swift; sourceTree = "<group>"; };
		172C1B551F625532001826CE /* ActiveTableViewCell.swift */ = {isa = PBXFileReference; fileEncoding = 4; lastKnownFileType = sourcecode.swift; path = ActiveTableViewCell.swift; sourceTree = "<group>"; };
		172C1B611F67B923001826CE /* ActiveDetailViewController.swift */ = {isa = PBXFileReference; fileEncoding = 4; lastKnownFileType = sourcecode.swift; path = ActiveDetailViewController.swift; sourceTree = "<group>"; };
		17587B1C1ED6CA0D00BEEE64 /* ProfileViewController.swift */ = {isa = PBXFileReference; fileEncoding = 4; lastKnownFileType = sourcecode.swift; path = ProfileViewController.swift; sourceTree = "<group>"; };
		175F2E8A1F47183300931A9B /* Keys.swift */ = {isa = PBXFileReference; fileEncoding = 4; lastKnownFileType = sourcecode.swift; path = Keys.swift; sourceTree = "<group>"; };
		175F2E8C1F4ECA5600931A9B /* RequestsTableViewController.swift */ = {isa = PBXFileReference; fileEncoding = 4; lastKnownFileType = sourcecode.swift; path = RequestsTableViewController.swift; sourceTree = "<group>"; };
		175F2E8E1F4ECAF200931A9B /* RequestTableViewCell.swift */ = {isa = PBXFileReference; fileEncoding = 4; lastKnownFileType = sourcecode.swift; path = RequestTableViewCell.swift; sourceTree = "<group>"; };
		17662EDA1F73ABE50005CCEF /* SlideMenuController.swift */ = {isa = PBXFileReference; fileEncoding = 4; lastKnownFileType = sourcecode.swift; path = SlideMenuController.swift; sourceTree = "<group>"; };
		17662EE51F74ECE30005CCEF /* MenuTableViewController.swift */ = {isa = PBXFileReference; fileEncoding = 4; lastKnownFileType = sourcecode.swift; path = MenuTableViewController.swift; sourceTree = "<group>"; };
		176860361F28A126000D9AC8 /* PostTableViewCell.swift */ = {isa = PBXFileReference; fileEncoding = 4; lastKnownFileType = sourcecode.swift; path = PostTableViewCell.swift; sourceTree = "<group>"; };
		177E6E841EC2E87C003F017E /* Go!.app */ = {isa = PBXFileReference; explicitFileType = wrapper.application; includeInIndex = 0; path = "Go!.app"; sourceTree = BUILT_PRODUCTS_DIR; };
		177E6E871EC2E87C003F017E /* AppDelegate.swift */ = {isa = PBXFileReference; lastKnownFileType = sourcecode.swift; path = AppDelegate.swift; sourceTree = "<group>"; };
		177E6E891EC2E87C003F017E /* LoginViewController.swift */ = {isa = PBXFileReference; lastKnownFileType = sourcecode.swift; path = LoginViewController.swift; sourceTree = "<group>"; };
		177E6E8C1EC2E87C003F017E /* Base */ = {isa = PBXFileReference; lastKnownFileType = file.storyboard; name = Base; path = Base.lproj/Main.storyboard; sourceTree = "<group>"; };
		177E6E8E1EC2E87C003F017E /* Assets.xcassets */ = {isa = PBXFileReference; lastKnownFileType = folder.assetcatalog; path = Assets.xcassets; sourceTree = "<group>"; };
		177E6E911EC2E87C003F017E /* Base */ = {isa = PBXFileReference; lastKnownFileType = file.storyboard; name = Base; path = Base.lproj/LaunchScreen.storyboard; sourceTree = "<group>"; };
		177E6E931EC2E87C003F017E /* Info.plist */ = {isa = PBXFileReference; lastKnownFileType = text.plist.xml; path = Info.plist; sourceTree = "<group>"; };
		177E6E991EC2E9A7003F017E /* GoogleService-Info.plist */ = {isa = PBXFileReference; fileEncoding = 4; lastKnownFileType = text.plist.xml; path = "GoogleService-Info.plist"; sourceTree = "<group>"; };
		178296531ECC3877008C64BA /* HomeViewController.swift */ = {isa = PBXFileReference; fileEncoding = 4; lastKnownFileType = sourcecode.swift; path = HomeViewController.swift; sourceTree = "<group>"; };
		178296581ED17964008C64BA /* PostViewController.swift */ = {isa = PBXFileReference; fileEncoding = 4; lastKnownFileType = sourcecode.swift; path = PostViewController.swift; sourceTree = "<group>"; };
		17979F201F733D7C00F82596 /* MyPostsViewController.swift */ = {isa = PBXFileReference; fileEncoding = 4; lastKnownFileType = sourcecode.swift; path = MyPostsViewController.swift; sourceTree = "<group>"; };
		17979F231F736ED100F82596 /* CardItemViewController.swift */ = {isa = PBXFileReference; fileEncoding = 4; lastKnownFileType = sourcecode.swift; path = CardItemViewController.swift; sourceTree = "<group>"; };
		17979F251F736EF200F82596 /* CardItemViewController.xib */ = {isa = PBXFileReference; fileEncoding = 4; lastKnownFileType = file.xib; path = CardItemViewController.xib; sourceTree = "<group>"; };
		17979F271F736F0D00F82596 /* PageControl.swift */ = {isa = PBXFileReference; fileEncoding = 4; lastKnownFileType = sourcecode.swift; path = PageControl.swift; sourceTree = "<group>"; };
		17C775A81F8C7D9C00826848 /* NotificationsViewController.swift */ = {isa = PBXFileReference; lastKnownFileType = sourcecode.swift; path = NotificationsViewController.swift; sourceTree = "<group>"; };
		17C775AA1F8C7DB600826848 /* SettingsViewController.swift */ = {isa = PBXFileReference; lastKnownFileType = sourcecode.swift; path = SettingsViewController.swift; sourceTree = "<group>"; };
		17C775AC1F8C7DC600826848 /* HistoryViewController.swift */ = {isa = PBXFileReference; lastKnownFileType = sourcecode.swift; path = HistoryViewController.swift; sourceTree = "<group>"; };
		17C775AE1F8C7DD700826848 /* PaymentsViewController.swift */ = {isa = PBXFileReference; lastKnownFileType = sourcecode.swift; path = PaymentsViewController.swift; sourceTree = "<group>"; };
		17C775B21F8C80B000826848 /* UIColor.swift */ = {isa = PBXFileReference; lastKnownFileType = sourcecode.swift; path = UIColor.swift; sourceTree = "<group>"; };
		8E545964835185630097A811 /* Pods_Go_.framework */ = {isa = PBXFileReference; explicitFileType = wrapper.framework; includeInIndex = 0; path = Pods_Go_.framework; sourceTree = BUILT_PRODUCTS_DIR; };
		9D910C2A56AE47EA01F4FA51 /* Pods-Go!.debug.xcconfig */ = {isa = PBXFileReference; includeInIndex = 1; lastKnownFileType = text.xcconfig; name = "Pods-Go!.debug.xcconfig"; path = "Pods/Target Support Files/Pods-Go!/Pods-Go!.debug.xcconfig"; sourceTree = "<group>"; };
/* End PBXFileReference section */

/* Begin PBXFrameworksBuildPhase section */
		177E6E811EC2E87C003F017E /* Frameworks */ = {
			isa = PBXFrameworksBuildPhase;
			buildActionMask = 2147483647;
			files = (
				171BF0321F3AF42C0048A222 /* CoreLocation.framework in Frameworks */,
				B87600B1132F9E1D080CC378 /* Pods_Go_.framework in Frameworks */,
			);
			runOnlyForDeploymentPostprocessing = 0;
		};
/* End PBXFrameworksBuildPhase section */

/* Begin PBXGroup section */
		171BF0301F366F930048A222 /* Models */ = {
			isa = PBXGroup;
			children = (
				175F2E8A1F47183300931A9B /* Keys.swift */,
				171BF02D1F366F520048A222 /* Listing.swift */,
			);
			name = Models;
			sourceTree = "<group>";
		};
		172B9CE31F7E3F5F00C3AA74 /* Controls */ = {
			isa = PBXGroup;
			children = (
				17662EDA1F73ABE50005CCEF /* SlideMenuController.swift */,
				17979F271F736F0D00F82596 /* PageControl.swift */,
			);
			name = Controls;
			sourceTree = "<group>";
		};
		172B9CE41F7E3FD000C3AA74 /* Xibs */ = {
			isa = PBXGroup;
			children = (
				17979F251F736EF200F82596 /* CardItemViewController.xib */,
			);
			name = Xibs;
			sourceTree = "<group>";
		};
		172C1B5A1F627279001826CE /* TableViewCells */ = {
			isa = PBXGroup;
			children = (
				172C1B551F625532001826CE /* ActiveTableViewCell.swift */,
				175F2E8E1F4ECAF200931A9B /* RequestTableViewCell.swift */,
				176860361F28A126000D9AC8 /* PostTableViewCell.swift */,
			);
			name = TableViewCells;
			sourceTree = "<group>";
		};
		172C1B5B1F627293001826CE /* ViewControllers */ = {
			isa = PBXGroup;
			children = (
				17C775A81F8C7D9C00826848 /* NotificationsViewController.swift */,
				17C775AA1F8C7DB600826848 /* SettingsViewController.swift */,
				17C775AC1F8C7DC600826848 /* HistoryViewController.swift */,
				17C775AE1F8C7DD700826848 /* PaymentsViewController.swift */,
				172B9CE31F7E3F5F00C3AA74 /* Controls */,
				172C1B611F67B923001826CE /* ActiveDetailViewController.swift */,
				17979F231F736ED100F82596 /* CardItemViewController.swift */,
				177E6E891EC2E87C003F017E /* LoginViewController.swift */,
				178296531ECC3877008C64BA /* HomeViewController.swift */,
				17979F201F733D7C00F82596 /* MyPostsViewController.swift */,
				17587B1C1ED6CA0D00BEEE64 /* ProfileViewController.swift */,
				178296581ED17964008C64BA /* PostViewController.swift */,
			);
			name = ViewControllers;
			sourceTree = "<group>";
		};
		172C1B5C1F6272A7001826CE /* TableViewControllers */ = {
			isa = PBXGroup;
			children = (
				17662EE51F74ECE30005CCEF /* MenuTableViewController.swift */,
				172C1B531F62548A001826CE /* ActiveTableViewController.swift */,
				175F2E8C1F4ECA5600931A9B /* RequestsTableViewController.swift */,
			);
			name = TableViewControllers;
			sourceTree = "<group>";
		};
		176860381F28A131000D9AC8 /* Views */ = {
			isa = PBXGroup;
			children = (
				172C1B5A1F627279001826CE /* TableViewCells */,
			);
			name = Views;
			sourceTree = "<group>";
		};
		177E6E7B1EC2E87C003F017E = {
			isa = PBXGroup;
			children = (
				177E6E861EC2E87C003F017E /* Go! */,
				177E6E851EC2E87C003F017E /* Products */,
				F026AF4D6D5DBDB8B58C2A20 /* Pods */,
				7AD843FE6BF91B562AD50EAA /* Frameworks */,
			);
			sourceTree = "<group>";
		};
		177E6E851EC2E87C003F017E /* Products */ = {
			isa = PBXGroup;
			children = (
				177E6E841EC2E87C003F017E /* Go!.app */,
			);
			name = Products;
			sourceTree = "<group>";
		};
		177E6E861EC2E87C003F017E /* Go! */ = {
			isa = PBXGroup;
			children = (
				177E6E871EC2E87C003F017E /* AppDelegate.swift */,
				178296561ED16691008C64BA /* Storyboards */,
				171BF0301F366F930048A222 /* Models */,
				176860381F28A131000D9AC8 /* Views */,
				178296551ED16662008C64BA /* Controllers */,
				17C775B01F8C807F00826848 /* Extensions */,
				172B9CE41F7E3FD000C3AA74 /* Xibs */,
				178296571ED166B5008C64BA /* Plists */,
				177E6E8E1EC2E87C003F017E /* Assets.xcassets */,
			);
			path = "Go!";
			sourceTree = "<group>";
		};
		178296551ED16662008C64BA /* Controllers */ = {
			isa = PBXGroup;
			children = (
				172C1B5C1F6272A7001826CE /* TableViewControllers */,
				172C1B5B1F627293001826CE /* ViewControllers */,
			);
			name = Controllers;
			sourceTree = "<group>";
		};
		178296561ED16691008C64BA /* Storyboards */ = {
			isa = PBXGroup;
			children = (
				177E6E8B1EC2E87C003F017E /* Main.storyboard */,
				177E6E901EC2E87C003F017E /* LaunchScreen.storyboard */,
			);
			name = Storyboards;
			sourceTree = "<group>";
		};
		178296571ED166B5008C64BA /* Plists */ = {
			isa = PBXGroup;
			children = (
				177E6E931EC2E87C003F017E /* Info.plist */,
				177E6E991EC2E9A7003F017E /* GoogleService-Info.plist */,
			);
			name = Plists;
			sourceTree = "<group>";
		};
		17C775B01F8C807F00826848 /* Extensions */ = {
			isa = PBXGroup;
			children = (
				17C775B21F8C80B000826848 /* UIColor.swift */,
			);
			name = Extensions;
			sourceTree = "<group>";
		};
		7AD843FE6BF91B562AD50EAA /* Frameworks */ = {
			isa = PBXGroup;
			children = (
				171BF0311F3AF42C0048A222 /* CoreLocation.framework */,
				8E545964835185630097A811 /* Pods_Go_.framework */,
			);
			name = Frameworks;
			sourceTree = "<group>";
		};
		F026AF4D6D5DBDB8B58C2A20 /* Pods */ = {
			isa = PBXGroup;
			children = (
				9D910C2A56AE47EA01F4FA51 /* Pods-Go!.debug.xcconfig */,
				02AC6BAFC46EA41978B8F2A9 /* Pods-Go!.release.xcconfig */,
			);
			name = Pods;
			sourceTree = "<group>";
		};
/* End PBXGroup section */

/* Begin PBXNativeTarget section */
		177E6E831EC2E87C003F017E /* Go! */ = {
			isa = PBXNativeTarget;
			buildConfigurationList = 177E6E961EC2E87C003F017E /* Build configuration list for PBXNativeTarget "Go!" */;
			buildPhases = (
				CEB6E56052A21E0C1AE216F0 /* [CP] Check Pods Manifest.lock */,
				177E6E801EC2E87C003F017E /* Sources */,
				177E6E811EC2E87C003F017E /* Frameworks */,
				177E6E821EC2E87C003F017E /* Resources */,
				F78CBB586CFFEBC2EA05EF09 /* [CP] Embed Pods Frameworks */,
				A5D22A1CAE11EFAA57FCAE64 /* [CP] Copy Pods Resources */,
			);
			buildRules = (
			);
			dependencies = (
			);
			name = "Go!";
			productName = "Go!";
			productReference = 177E6E841EC2E87C003F017E /* Go!.app */;
			productType = "com.apple.product-type.application";
		};
/* End PBXNativeTarget section */

/* Begin PBXProject section */
		177E6E7C1EC2E87C003F017E /* Project object */ = {
			isa = PBXProject;
			attributes = {
				LastSwiftUpdateCheck = 0830;
				LastUpgradeCheck = 0900;
				ORGANIZATIONNAME = "Go!";
				TargetAttributes = {
					177E6E831EC2E87C003F017E = {
						CreatedOnToolsVersion = 8.3.2;
						DevelopmentTeam = 7SS38J7FYZ;
						LastSwiftMigration = 0900;
						ProvisioningStyle = Automatic;
						SystemCapabilities = {
							com.apple.Keychain = {
								enabled = 0;
							};
						};
					};
				};
			};
			buildConfigurationList = 177E6E7F1EC2E87C003F017E /* Build configuration list for PBXProject "Go!" */;
			compatibilityVersion = "Xcode 3.2";
			developmentRegion = English;
			hasScannedForEncodings = 0;
			knownRegions = (
				en,
				Base,
			);
			mainGroup = 177E6E7B1EC2E87C003F017E;
			productRefGroup = 177E6E851EC2E87C003F017E /* Products */;
			projectDirPath = "";
			projectRoot = "";
			targets = (
				177E6E831EC2E87C003F017E /* Go! */,
			);
		};
/* End PBXProject section */

/* Begin PBXResourcesBuildPhase section */
		177E6E821EC2E87C003F017E /* Resources */ = {
			isa = PBXResourcesBuildPhase;
			buildActionMask = 2147483647;
			files = (
				177E6E921EC2E87C003F017E /* LaunchScreen.storyboard in Resources */,
				177E6E9A1EC2E9A7003F017E /* GoogleService-Info.plist in Resources */,
				177E6E8F1EC2E87C003F017E /* Assets.xcassets in Resources */,
				17979F261F736EF200F82596 /* CardItemViewController.xib in Resources */,
				177E6E8D1EC2E87C003F017E /* Main.storyboard in Resources */,
			);
			runOnlyForDeploymentPostprocessing = 0;
		};
/* End PBXResourcesBuildPhase section */

/* Begin PBXShellScriptBuildPhase section */
		A5D22A1CAE11EFAA57FCAE64 /* [CP] Copy Pods Resources */ = {
			isa = PBXShellScriptBuildPhase;
			buildActionMask = 2147483647;
			files = (
			);
			inputPaths = (
			);
			name = "[CP] Copy Pods Resources";
			outputPaths = (
			);
			runOnlyForDeploymentPostprocessing = 0;
			shellPath = /bin/sh;
			shellScript = "\"${SRCROOT}/Pods/Target Support Files/Pods-Go!/Pods-Go!-resources.sh\"\n";
			showEnvVarsInLog = 0;
		};
		CEB6E56052A21E0C1AE216F0 /* [CP] Check Pods Manifest.lock */ = {
			isa = PBXShellScriptBuildPhase;
			buildActionMask = 2147483647;
			files = (
			);
			inputPaths = (
				"${PODS_PODFILE_DIR_PATH}/Podfile.lock",
				"${PODS_ROOT}/Manifest.lock",
			);
			name = "[CP] Check Pods Manifest.lock";
			outputPaths = (
				"$(DERIVED_FILE_DIR)/Pods-Go!-checkManifestLockResult.txt",
			);
			runOnlyForDeploymentPostprocessing = 0;
			shellPath = /bin/sh;
			shellScript = "diff \"${PODS_PODFILE_DIR_PATH}/Podfile.lock\" \"${PODS_ROOT}/Manifest.lock\" > /dev/null\nif [ $? != 0 ] ; then\n    # print error to STDERR\n    echo \"error: The sandbox is not in sync with the Podfile.lock. Run 'pod install' or update your CocoaPods installation.\" >&2\n    exit 1\nfi\n# This output is used by Xcode 'outputs' to avoid re-running this script phase.\necho \"SUCCESS\" > \"${SCRIPT_OUTPUT_FILE_0}\"\n";
			showEnvVarsInLog = 0;
		};
		F78CBB586CFFEBC2EA05EF09 /* [CP] Embed Pods Frameworks */ = {
			isa = PBXShellScriptBuildPhase;
			buildActionMask = 2147483647;
			files = (
			);
			inputPaths = (
				"${SRCROOT}/Pods/Target Support Files/Pods-Go!/Pods-Go!-frameworks.sh",
				"${BUILT_PRODUCTS_DIR}/Alamofire/Alamofire.framework",
				"${BUILT_PRODUCTS_DIR}/Bolts/Bolts.framework",
				"${BUILT_PRODUCTS_DIR}/FBSDKCoreKit/FBSDKCoreKit.framework",
				"${BUILT_PRODUCTS_DIR}/FBSDKLoginKit/FBSDKLoginKit.framework",
				"${BUILT_PRODUCTS_DIR}/FBSDKShareKit/FBSDKShareKit.framework",
				"${BUILT_PRODUCTS_DIR}/GTMSessionFetcher/GTMSessionFetcher.framework",
				"${BUILT_PRODUCTS_DIR}/GeoFire/GeoFire.framework",
				"${BUILT_PRODUCTS_DIR}/GoogleToolboxForMac/GoogleToolboxForMac.framework",
				"${BUILT_PRODUCTS_DIR}/Stripe/Stripe.framework",
				"${BUILT_PRODUCTS_DIR}/leveldb-library/leveldb.framework",
				"${BUILT_PRODUCTS_DIR}/nanopb/nanopb.framework",
			);
			name = "[CP] Embed Pods Frameworks";
			outputPaths = (
				"${TARGET_BUILD_DIR}/${FRAMEWORKS_FOLDER_PATH}/Alamofire.framework",
				"${TARGET_BUILD_DIR}/${FRAMEWORKS_FOLDER_PATH}/Bolts.framework",
				"${TARGET_BUILD_DIR}/${FRAMEWORKS_FOLDER_PATH}/FBSDKCoreKit.framework",
				"${TARGET_BUILD_DIR}/${FRAMEWORKS_FOLDER_PATH}/FBSDKLoginKit.framework",
				"${TARGET_BUILD_DIR}/${FRAMEWORKS_FOLDER_PATH}/FBSDKShareKit.framework",
				"${TARGET_BUILD_DIR}/${FRAMEWORKS_FOLDER_PATH}/GTMSessionFetcher.framework",
				"${TARGET_BUILD_DIR}/${FRAMEWORKS_FOLDER_PATH}/GeoFire.framework",
				"${TARGET_BUILD_DIR}/${FRAMEWORKS_FOLDER_PATH}/GoogleToolboxForMac.framework",
				"${TARGET_BUILD_DIR}/${FRAMEWORKS_FOLDER_PATH}/Stripe.framework",
				"${TARGET_BUILD_DIR}/${FRAMEWORKS_FOLDER_PATH}/leveldb.framework",
				"${TARGET_BUILD_DIR}/${FRAMEWORKS_FOLDER_PATH}/nanopb.framework",
			);
			runOnlyForDeploymentPostprocessing = 0;
			shellPath = /bin/sh;
			shellScript = "\"${SRCROOT}/Pods/Target Support Files/Pods-Go!/Pods-Go!-frameworks.sh\"\n";
			showEnvVarsInLog = 0;
		};
/* End PBXShellScriptBuildPhase section */

/* Begin PBXSourcesBuildPhase section */
		177E6E801EC2E87C003F017E /* Sources */ = {
			isa = PBXSourcesBuildPhase;
			buildActionMask = 2147483647;
			files = (
				17C775A91F8C7D9C00826848 /* NotificationsViewController.swift in Sources */,
				172C1B561F625532001826CE /* ActiveTableViewCell.swift in Sources */,
				178296591ED17964008C64BA /* PostViewController.swift in Sources */,
				17C775AB1F8C7DB600826848 /* SettingsViewController.swift in Sources */,
				17979F281F736F0D00F82596 /* PageControl.swift in Sources */,
				17662EE61F74ECE30005CCEF /* MenuTableViewController.swift in Sources */,
				171BF02E1F366F520048A222 /* Listing.swift in Sources */,
				17662EDB1F73ABE50005CCEF /* SlideMenuController.swift in Sources */,
				177E6E8A1EC2E87C003F017E /* LoginViewController.swift in Sources */,
				175F2E8B1F47183300931A9B /* Keys.swift in Sources */,
				17C775B61F8C95F400826848 /* UIColor.swift in Sources */,
				17979F211F733D7C00F82596 /* MyPostsViewController.swift in Sources */,
				17587B1D1ED6CA0D00BEEE64 /* ProfileViewController.swift in Sources */,
				17C775AD1F8C7DC600826848 /* HistoryViewController.swift in Sources */,
				177E6E881EC2E87C003F017E /* AppDelegate.swift in Sources */,
				178296541ECC3877008C64BA /* HomeViewController.swift in Sources */,
				172C1B621F67B923001826CE /* ActiveDetailViewController.swift in Sources */,
				175F2E8D1F4ECA5600931A9B /* RequestsTableViewController.swift in Sources */,
				175F2E8F1F4ECAF200931A9B /* RequestTableViewCell.swift in Sources */,
				172C1B541F62548A001826CE /* ActiveTableViewController.swift in Sources */,
				17C775AF1F8C7DD700826848 /* PaymentsViewController.swift in Sources */,
				17979F241F736ED100F82596 /* CardItemViewController.swift in Sources */,
				176860371F28A126000D9AC8 /* PostTableViewCell.swift in Sources */,
			);
			runOnlyForDeploymentPostprocessing = 0;
		};
/* End PBXSourcesBuildPhase section */

/* Begin PBXVariantGroup section */
		177E6E8B1EC2E87C003F017E /* Main.storyboard */ = {
			isa = PBXVariantGroup;
			children = (
				177E6E8C1EC2E87C003F017E /* Base */,
			);
			name = Main.storyboard;
			sourceTree = "<group>";
		};
		177E6E901EC2E87C003F017E /* LaunchScreen.storyboard */ = {
			isa = PBXVariantGroup;
			children = (
				177E6E911EC2E87C003F017E /* Base */,
			);
			name = LaunchScreen.storyboard;
			sourceTree = "<group>";
		};
/* End PBXVariantGroup section */

/* Begin XCBuildConfiguration section */
		177E6E941EC2E87C003F017E /* Debug */ = {
			isa = XCBuildConfiguration;
			buildSettings = {
				ALWAYS_SEARCH_USER_PATHS = NO;
				CLANG_ANALYZER_NONNULL = YES;
				CLANG_ANALYZER_NUMBER_OBJECT_CONVERSION = YES_AGGRESSIVE;
				CLANG_CXX_LANGUAGE_STANDARD = "gnu++0x";
				CLANG_CXX_LIBRARY = "libc++";
				CLANG_ENABLE_MODULES = YES;
				CLANG_ENABLE_OBJC_ARC = YES;
				CLANG_WARN_BLOCK_CAPTURE_AUTORELEASING = YES;
				CLANG_WARN_BOOL_CONVERSION = YES;
				CLANG_WARN_COMMA = YES;
				CLANG_WARN_CONSTANT_CONVERSION = YES;
				CLANG_WARN_DIRECT_OBJC_ISA_USAGE = YES_ERROR;
				CLANG_WARN_DOCUMENTATION_COMMENTS = YES;
				CLANG_WARN_EMPTY_BODY = YES;
				CLANG_WARN_ENUM_CONVERSION = YES;
				CLANG_WARN_INFINITE_RECURSION = YES;
				CLANG_WARN_INT_CONVERSION = YES;
				CLANG_WARN_NON_LITERAL_NULL_CONVERSION = YES;
				CLANG_WARN_OBJC_LITERAL_CONVERSION = YES;
				CLANG_WARN_OBJC_ROOT_CLASS = YES_ERROR;
				CLANG_WARN_RANGE_LOOP_ANALYSIS = YES;
				CLANG_WARN_STRICT_PROTOTYPES = YES;
				CLANG_WARN_SUSPICIOUS_MOVE = YES;
				CLANG_WARN_UNREACHABLE_CODE = YES;
				CLANG_WARN__DUPLICATE_METHOD_MATCH = YES;
				"CODE_SIGN_IDENTITY[sdk=iphoneos*]" = "iPhone Developer";
				COPY_PHASE_STRIP = NO;
				DEBUG_INFORMATION_FORMAT = dwarf;
				ENABLE_STRICT_OBJC_MSGSEND = YES;
				ENABLE_TESTABILITY = YES;
				GCC_C_LANGUAGE_STANDARD = gnu99;
				GCC_DYNAMIC_NO_PIC = NO;
				GCC_NO_COMMON_BLOCKS = YES;
				GCC_OPTIMIZATION_LEVEL = 0;
				GCC_PREPROCESSOR_DEFINITIONS = (
					"DEBUG=1",
					"$(inherited)",
				);
				GCC_WARN_64_TO_32_BIT_CONVERSION = YES;
				GCC_WARN_ABOUT_RETURN_TYPE = YES_ERROR;
				GCC_WARN_UNDECLARED_SELECTOR = YES;
				GCC_WARN_UNINITIALIZED_AUTOS = YES_AGGRESSIVE;
				GCC_WARN_UNUSED_FUNCTION = YES;
				GCC_WARN_UNUSED_VARIABLE = YES;
				IPHONEOS_DEPLOYMENT_TARGET = 10.3;
				MTL_ENABLE_DEBUG_INFO = YES;
				ONLY_ACTIVE_ARCH = YES;
				SDKROOT = iphoneos;
				SWIFT_ACTIVE_COMPILATION_CONDITIONS = DEBUG;
				SWIFT_OPTIMIZATION_LEVEL = "-Onone";
			};
			name = Debug;
		};
		177E6E951EC2E87C003F017E /* Release */ = {
			isa = XCBuildConfiguration;
			buildSettings = {
				ALWAYS_SEARCH_USER_PATHS = NO;
				CLANG_ANALYZER_NONNULL = YES;
				CLANG_ANALYZER_NUMBER_OBJECT_CONVERSION = YES_AGGRESSIVE;
				CLANG_CXX_LANGUAGE_STANDARD = "gnu++0x";
				CLANG_CXX_LIBRARY = "libc++";
				CLANG_ENABLE_MODULES = YES;
				CLANG_ENABLE_OBJC_ARC = YES;
				CLANG_WARN_BLOCK_CAPTURE_AUTORELEASING = YES;
				CLANG_WARN_BOOL_CONVERSION = YES;
				CLANG_WARN_COMMA = YES;
				CLANG_WARN_CONSTANT_CONVERSION = YES;
				CLANG_WARN_DIRECT_OBJC_ISA_USAGE = YES_ERROR;
				CLANG_WARN_DOCUMENTATION_COMMENTS = YES;
				CLANG_WARN_EMPTY_BODY = YES;
				CLANG_WARN_ENUM_CONVERSION = YES;
				CLANG_WARN_INFINITE_RECURSION = YES;
				CLANG_WARN_INT_CONVERSION = YES;
				CLANG_WARN_NON_LITERAL_NULL_CONVERSION = YES;
				CLANG_WARN_OBJC_LITERAL_CONVERSION = YES;
				CLANG_WARN_OBJC_ROOT_CLASS = YES_ERROR;
				CLANG_WARN_RANGE_LOOP_ANALYSIS = YES;
				CLANG_WARN_STRICT_PROTOTYPES = YES;
				CLANG_WARN_SUSPICIOUS_MOVE = YES;
				CLANG_WARN_UNREACHABLE_CODE = YES;
				CLANG_WARN__DUPLICATE_METHOD_MATCH = YES;
				"CODE_SIGN_IDENTITY[sdk=iphoneos*]" = "iPhone Developer";
				COPY_PHASE_STRIP = NO;
				DEBUG_INFORMATION_FORMAT = "dwarf-with-dsym";
				ENABLE_NS_ASSERTIONS = NO;
				ENABLE_STRICT_OBJC_MSGSEND = YES;
				GCC_C_LANGUAGE_STANDARD = gnu99;
				GCC_NO_COMMON_BLOCKS = YES;
				GCC_WARN_64_TO_32_BIT_CONVERSION = YES;
				GCC_WARN_ABOUT_RETURN_TYPE = YES_ERROR;
				GCC_WARN_UNDECLARED_SELECTOR = YES;
				GCC_WARN_UNINITIALIZED_AUTOS = YES_AGGRESSIVE;
				GCC_WARN_UNUSED_FUNCTION = YES;
				GCC_WARN_UNUSED_VARIABLE = YES;
				IPHONEOS_DEPLOYMENT_TARGET = 10.3;
				MTL_ENABLE_DEBUG_INFO = NO;
				SDKROOT = iphoneos;
				SWIFT_OPTIMIZATION_LEVEL = "-Owholemodule";
				VALIDATE_PRODUCT = YES;
			};
			name = Release;
		};
		177E6E971EC2E87C003F017E /* Debug */ = {
			isa = XCBuildConfiguration;
			baseConfigurationReference = 9D910C2A56AE47EA01F4FA51 /* Pods-Go!.debug.xcconfig */;
			buildSettings = {
				ASSETCATALOG_COMPILER_APPICON_NAME = AppIcon;
				DEVELOPMENT_TEAM = 7SS38J7FYZ;
				INFOPLIST_FILE = "Go!/Info.plist";
				IPHONEOS_DEPLOYMENT_TARGET = 11.0;
				LD_RUNPATH_SEARCH_PATHS = "$(inherited) @executable_path/Frameworks";
				PRODUCT_BUNDLE_IDENTIFIER = "com.GoApp.Go-";
				PRODUCT_NAME = "$(TARGET_NAME)";
				SWIFT_SWIFT3_OBJC_INFERENCE = Default;
				SWIFT_VERSION = 4.0;
			};
			name = Debug;
		};
		177E6E981EC2E87C003F017E /* Release */ = {
			isa = XCBuildConfiguration;
			baseConfigurationReference = 02AC6BAFC46EA41978B8F2A9 /* Pods-Go!.release.xcconfig */;
			buildSettings = {
				ASSETCATALOG_COMPILER_APPICON_NAME = AppIcon;
				DEVELOPMENT_TEAM = 7SS38J7FYZ;
				INFOPLIST_FILE = "Go!/Info.plist";
				IPHONEOS_DEPLOYMENT_TARGET = 11.0;
				LD_RUNPATH_SEARCH_PATHS = "$(inherited) @executable_path/Frameworks";
				PRODUCT_BUNDLE_IDENTIFIER = "com.GoApp.Go-";
				PRODUCT_NAME = "$(TARGET_NAME)";
				SWIFT_SWIFT3_OBJC_INFERENCE = Default;
				SWIFT_VERSION = 4.0;
			};
			name = Release;
		};
/* End XCBuildConfiguration section */

/* Begin XCConfigurationList section */
		177E6E7F1EC2E87C003F017E /* Build configuration list for PBXProject "Go!" */ = {
			isa = XCConfigurationList;
			buildConfigurations = (
				177E6E941EC2E87C003F017E /* Debug */,
				177E6E951EC2E87C003F017E /* Release */,
			);
			defaultConfigurationIsVisible = 0;
			defaultConfigurationName = Release;
		};
		177E6E961EC2E87C003F017E /* Build configuration list for PBXNativeTarget "Go!" */ = {
			isa = XCConfigurationList;
			buildConfigurations = (
				177E6E971EC2E87C003F017E /* Debug */,
				177E6E981EC2E87C003F017E /* Release */,
			);
			defaultConfigurationIsVisible = 0;
			defaultConfigurationName = Release;
		};
/* End XCConfigurationList section */
	};
	rootObject = 177E6E7C1EC2E87C003F017E /* Project object */;
}
